
Microsoft Visual Studio Solution File, Format Version 12.00
# Visual Studio Version 17
VisualStudioVersion = 17.14.37111.16
MinimumVisualStudioVersion = 10.0.40219.1
Project("{FAE04EC0-301F-11D3-BF4B-00C04F79EFBC}") = "RecipeApp.MAUI", "RecipeApp.MAUI\RecipeApp.MAUI.csproj", "{8502F570-BA38-4E11-AB07-FA95591929AD}"
EndProject
Project("{FAE04EC0-301F-11D3-BF4B-00C04F79EFBC}") = "RecipeApp.Tests", "RecipeApp.Tests\RecipeApp.Tests.csproj", "{AD94F8B8-8275-4D23-AB32-72D37AC28CBB}"
EndProject
Project("{FAE04EC0-301F-11D3-BF4B-00C04F79EFBC}") = "RecipeApp.Shared", "RecipeApp.Shared\RecipeApp.Shared.csproj", "{0D5B7646-A8A8-4F57-8343-CF1F487B11EC}"
EndProject
Global
	GlobalSection(SolutionConfigurationPlatforms) = preSolution
		Debug|Any CPU = Debug|Any CPU
		Release|Any CPU = Release|Any CPU
	EndGlobalSection
	GlobalSection(ProjectConfigurationPlatforms) = postSolution
		{8502F570-BA38-4E11-AB07-FA95591929AD}.Debug|Any CPU.ActiveCfg = Debug|Any CPU
		{8502F570-BA38-4E11-AB07-FA95591929AD}.Debug|Any CPU.Build.0 = Debug|Any CPU
		{8502F570-BA38-4E11-AB07-FA95591929AD}.Release|Any CPU.ActiveCfg = Release|Any CPU
		{8502F570-BA38-4E11-AB07-FA95591929AD}.Release|Any CPU.Build.0 = Release|Any CPU
		{AD94F8B8-8275-4D23-AB32-72D37AC28CBB}.Debug|Any CPU.ActiveCfg = Debug|Any CPU
		{AD94F8B8-8275-4D23-AB32-72D37AC28CBB}.Debug|Any CPU.Build.0 = Debug|Any CPU
		{AD94F8B8-8275-4D23-AB32-72D37AC28CBB}.Release|Any CPU.ActiveCfg = Release|Any CPU
		{AD94F8B8-8275-4D23-AB32-72D37AC28CBB}.Release|Any CPU.Build.0 = Release|Any CPU
		{0D5B7646-A8A8-4F57-8343-CF1F487B11EC}.Debug|Any CPU.ActiveCfg = Debug|Any CPU
		{0D5B7646-A8A8-4F57-8343-CF1F487B11EC}.Debug|Any CPU.Build.0 = Debug|Any CPU
		{0D5B7646-A8A8-4F57-8343-CF1F487B11EC}.Release|Any CPU.ActiveCfg = Release|Any CPU
		{0D5B7646-A8A8-4F57-8343-CF1F487B11EC}.Release|Any CPU.Build.0 = Release|Any CPU
	EndGlobalSection
	GlobalSection(SolutionProperties) = preSolution
		HideSolutionNode = FALSE
	EndGlobalSection
	GlobalSection(ExtensibilityGlobals) = postSolution
		SolutionGuid = {5B83BFEB-4F4A-4AFD-AC7A-7C5DE882042F}
	EndGlobalSection
EndGlobal
